
Microsoft Visual Studio Solution File, Format Version 12.00
# Visual Studio Version 17
VisualStudioVersion = 17.0.32126.317
MinimumVisualStudioVersion = 10.0.40219.1
Project("{FAE04EC0-301F-11D3-BF4B-00C04F79EFBC}") = "Programming", "Programming\Programming.csproj", "{C8F76A78-0E7D-498E-B866-30A7CFE118D1}"
EndProject
Project("{FAE04EC0-301F-11D3-BF4B-00C04F79EFBC}") = "BuildingsApp", "BuildingsApp\BuildingsApp.csproj", "{ABFC0F73-63E8-424A-8CC0-FFD53200D589}"
EndProject
Global
	GlobalSection(SolutionConfigurationPlatforms) = preSolution
		Debug|Any CPU = Debug|Any CPU
		Release|Any CPU = Release|Any CPU
	EndGlobalSection
	GlobalSection(ProjectConfigurationPlatforms) = postSolution
		{C8F76A78-0E7D-498E-B866-30A7CFE118D1}.Debug|Any CPU.ActiveCfg = Debug|Any CPU
		{C8F76A78-0E7D-498E-B866-30A7CFE118D1}.Debug|Any CPU.Build.0 = Debug|Any CPU
		{C8F76A78-0E7D-498E-B866-30A7CFE118D1}.Release|Any CPU.ActiveCfg = Release|Any CPU
		{C8F76A78-0E7D-498E-B866-30A7CFE118D1}.Release|Any CPU.Build.0 = Release|Any CPU
		{ABFC0F73-63E8-424A-8CC0-FFD53200D589}.Debug|Any CPU.ActiveCfg = Debug|Any CPU
		{ABFC0F73-63E8-424A-8CC0-FFD53200D589}.Debug|Any CPU.Build.0 = Debug|Any CPU
		{ABFC0F73-63E8-424A-8CC0-FFD53200D589}.Release|Any CPU.ActiveCfg = Release|Any CPU
		{ABFC0F73-63E8-424A-8CC0-FFD53200D589}.Release|Any CPU.Build.0 = Release|Any CPU
	EndGlobalSection
	GlobalSection(SolutionProperties) = preSolution
		HideSolutionNode = FALSE
	EndGlobalSection
	GlobalSection(ExtensibilityGlobals) = postSolution
		SolutionGuid = {BF31D5E9-4D4B-4997-BE60-44B7700053CF}
	EndGlobalSection
EndGlobal
